# THIS IS AN AUTOGENERATED FILE. DO NOT EDIT THIS FILE DIRECTLY.
# yarn lockfile v1


fsevents@~2.3.2:
  version "2.3.2"
  resolved "https://registry.npmjs.org/fsevents/-/fsevents-2.3.2.tgz#8a526f78b8fdf4623b709e0b975c52c24c02fd1a"
  integrity sha512-xiqMQR4xAeHTuB9uWm+fFRcIOgKBMiOBP+eXiyT7jsgVCq1bkVygt00oASowB7EdtpOHaaPgKt812P9ab+DDKA==

picocolors@^0.2.1:
  version "0.2.1"
  resolved "https://registry.npmjs.org/picocolors/-/picocolors-0.2.1.tgz#570670f793646851d1ba135996962abad587859f"
  integrity sha512-cMlDqaLEqfSaW8Z7N5Jw+lyIW869EzT73/F5lhtY9cLGoVxSXznfgfXMO0Z5K0o0Q2TkTXq+0KFsdnSe3jDViA==

postcss@7.0.39:
  version "7.0.39"
  resolved "https://registry.npmjs.org/postcss/-/postcss-7.0.39.tgz#9624375d965630e2e1f2c02a935c82a59cb48309"
  integrity sha512-yioayjNbHn6z1/Bywyb2Y4s3yvDAeXGOyxqD+LnVOinq6Mdmd++SW2wUNVzavyyHxd6+DxzWGIuosg6P1Rj8uA==
  dependencies:
    picocolors "^0.2.1"
    source-map "^0.6.1"

rollup@^2.66.1:
  version "2.66.1"
  resolved "https://registry.npmjs.org/rollup/-/rollup-2.66.1.tgz#366b0404de353c4331d538c3ad2963934fcb4937"
  integrity sha512-crSgLhSkLMnKr4s9iZ/1qJCplgAgrRY+igWv8KhG/AjKOJ0YX/WpmANyn8oxrw+zenF3BXWDLa7Xl/QZISH+7w==
  optionalDependencies:
    fsevents "~2.3.2"

source-map@^0.6.1:
  version "0.6.1"
  resolved "https://registry.npmjs.org/source-map/-/source-map-0.6.1.tgz#74722af32e9614e9c287a8d0bbde48b5e2f1a263"
  integrity sha512-UjgapumWlbMhkBgzT7Ykc5YXUT46F0iKu8SGXq0bcwP5dz/h0Plj6enJqjz1Zbq2l5WaqYnrVbwWOWMyF3F47g==
